// !$*UTF8*$!
{
	archiveVersion = 1;
	classes = {
	};
	objectVersion = 50;
	objects = {

/* Begin PBXBuildFile section */
		32F62BD921A41AB600567D22 /* main.c in Sources */ = {isa = PBXBuildFile; fileRef = 32F62BD821A41AB600567D22 /* main.c */; };
		32F62BDE21A41AC700567D22 /* libLinearProbeHashMap.a in Frameworks */ = {isa = PBXBuildFile; fileRef = 32F62BBE21A41A6D00567D22 /* libLinearProbeHashMap.a */; };
		32F62BE121A41AD900567D22 /* hash_map.h in Headers */ = {isa = PBXBuildFile; fileRef = 32F62BDF21A41AD900567D22 /* hash_map.h */; };
		32F62BE221A41AD900567D22 /* hash_map.c in Sources */ = {isa = PBXBuildFile; fileRef = 32F62BE021A41AD900567D22 /* hash_map.c */; };
/* End PBXBuildFile section */

/* Begin PBXCopyFilesBuildPhase section */
		32F62BD421A41AB600567D22 /* CopyFiles */ = {
			isa = PBXCopyFilesBuildPhase;
			buildActionMask = 2147483647;
			dstPath = /usr/share/man/man1/;
			dstSubfolderSpec = 0;
			files = (
			);
			runOnlyForDeploymentPostprocessing = 1;
		};
/* End PBXCopyFilesBuildPhase section */

/* Begin PBXFileReference section */
		32F62BBE21A41A6D00567D22 /* libLinearProbeHashMap.a */ = {isa = PBXFileReference; explicitFileType = archive.ar; includeInIndex = 0; path = libLinearProbeHashMap.a; sourceTree = BUILT_PRODUCTS_DIR; };
		32F62BCA21A41A8200567D22 /* test.xctest */ = {isa = PBXFileReference; explicitFileType = wrapper.cfbundle; includeInIndex = 0; path = test.xctest; sourceTree = BUILT_PRODUCTS_DIR; };
		32F62BD621A41AB600567D22 /* Test */ = {isa = PBXFileReference; explicitFileType = "compiled.mach-o.executable"; includeInIndex = 0; path = Test; sourceTree = BUILT_PRODUCTS_DIR; };
		32F62BD821A41AB600567D22 /* main.c */ = {isa = PBXFileReference; lastKnownFileType = sourcecode.c.c; path = main.c; sourceTree = "<group>"; };
		32F62BDF21A41AD900567D22 /* hash_map.h */ = {isa = PBXFileReference; lastKnownFileType = sourcecode.c.h; path = hash_map.h; sourceTree = "<group>"; };
		32F62BE021A41AD900567D22 /* hash_map.c */ = {isa = PBXFileReference; lastKnownFileType = sourcecode.c.c; path = hash_map.c; sourceTree = "<group>"; };
/* End PBXFileReference section */

/* Begin PBXFrameworksBuildPhase section */
		32F62BBC21A41A6D00567D22 /* Frameworks */ = {
			isa = PBXFrameworksBuildPhase;
			buildActionMask = 2147483647;
			files = (
			);
			runOnlyForDeploymentPostprocessing = 0;
		};
		32F62BC721A41A8200567D22 /* Frameworks */ = {
			isa = PBXFrameworksBuildPhase;
			buildActionMask = 2147483647;
			files = (
			);
			runOnlyForDeploymentPostprocessing = 0;
		};
		32F62BD321A41AB600567D22 /* Frameworks */ = {
			isa = PBXFrameworksBuildPhase;
			buildActionMask = 2147483647;
			files = (
				32F62BDE21A41AC700567D22 /* libLinearProbeHashMap.a in Frameworks */,
			);
			runOnlyForDeploymentPostprocessing = 0;
		};
/* End PBXFrameworksBuildPhase section */

/* Begin PBXGroup section */
		32F62BB521A41A6D00567D22 = {
			isa = PBXGroup;
			children = (
				32F62BC521A41A7500567D22 /* source */,
				32F62BD721A41AB600567D22 /* Test */,
				32F62BBF21A41A6D00567D22 /* Products */,
				32F62BDD21A41AC700567D22 /* Frameworks */,
			);
			sourceTree = "<group>";
		};
		32F62BBF21A41A6D00567D22 /* Products */ = {
			isa = PBXGroup;
			children = (
				32F62BBE21A41A6D00567D22 /* libLinearProbeHashMap.a */,
				32F62BCA21A41A8200567D22 /* test.xctest */,
				32F62BD621A41AB600567D22 /* Test */,
			);
			name = Products;
			sourceTree = "<group>";
		};
		32F62BC521A41A7500567D22 /* source */ = {
			isa = PBXGroup;
			children = (
				32F62BDF21A41AD900567D22 /* hash_map.h */,
				32F62BE021A41AD900567D22 /* hash_map.c */,
			);
			path = source;
			sourceTree = "<group>";
		};
		32F62BD721A41AB600567D22 /* Test */ = {
			isa = PBXGroup;
			children = (
				32F62BD821A41AB600567D22 /* main.c */,
			);
			path = Test;
			sourceTree = "<group>";
		};
		32F62BDD21A41AC700567D22 /* Frameworks */ = {
			isa = PBXGroup;
			children = (
			);
			name = Frameworks;
			sourceTree = "<group>";
		};
/* End PBXGroup section */

/* Begin PBXHeadersBuildPhase section */
		32F62BBA21A41A6D00567D22 /* Headers */ = {
			isa = PBXHeadersBuildPhase;
			buildActionMask = 2147483647;
			files = (
				32F62BE121A41AD900567D22 /* hash_map.h in Headers */,
			);
			runOnlyForDeploymentPostprocessing = 0;
		};
/* End PBXHeadersBuildPhase section */

/* Begin PBXNativeTarget section */
		32F62BBD21A41A6D00567D22 /* LinearProbeHashMap */ = {
			isa = PBXNativeTarget;
			buildConfigurationList = 32F62BC221A41A6D00567D22 /* Build configuration list for PBXNativeTarget "LinearProbeHashMap" */;
			buildPhases = (
				32F62BBA21A41A6D00567D22 /* Headers */,
				32F62BBB21A41A6D00567D22 /* Sources */,
				32F62BBC21A41A6D00567D22 /* Frameworks */,
			);
			buildRules = (
			);
			dependencies = (
			);
			name = LinearProbeHashMap;
			productName = LinearProbeHashMap;
			productReference = 32F62BBE21A41A6D00567D22 /* libLinearProbeHashMap.a */;
			productType = "com.apple.product-type.library.static";
		};
		32F62BC921A41A8200567D22 /* test */ = {
			isa = PBXNativeTarget;
			buildConfigurationList = 32F62BCF21A41A8200567D22 /* Build configuration list for PBXNativeTarget "test" */;
			buildPhases = (
				32F62BC621A41A8200567D22 /* Sources */,
				32F62BC721A41A8200567D22 /* Frameworks */,
				32F62BC821A41A8200567D22 /* Resources */,
			);
			buildRules = (
			);
			dependencies = (
			);
			name = test;
			productName = test;
			productReference = 32F62BCA21A41A8200567D22 /* test.xctest */;
			productType = "com.apple.product-type.bundle.ui-testing";
		};
		32F62BD521A41AB600567D22 /* Test */ = {
			isa = PBXNativeTarget;
			buildConfigurationList = 32F62BDA21A41AB600567D22 /* Build configuration list for PBXNativeTarget "Test" */;
			buildPhases = (
				32F62BD221A41AB600567D22 /* Sources */,
				32F62BD321A41AB600567D22 /* Frameworks */,
				32F62BD421A41AB600567D22 /* CopyFiles */,
			);
			buildRules = (
			);
			dependencies = (
			);
			name = Test;
			productName = Test;
			productReference = 32F62BD621A41AB600567D22 /* Test */;
			productType = "com.apple.product-type.tool";
		};
/* End PBXNativeTarget section */

/* Begin PBXProject section */
		32F62BB621A41A6D00567D22 /* Project object */ = {
			isa = PBXProject;
			attributes = {
				LastSwiftUpdateCheck = 1010;
				LastUpgradeCheck = 1010;
				ORGANIZATIONNAME = "Thomas Mailund";
				TargetAttributes = {
					32F62BBD21A41A6D00567D22 = {
						CreatedOnToolsVersion = 10.1;
					};
					32F62BC921A41A8200567D22 = {
						CreatedOnToolsVersion = 10.1;
					};
					32F62BD521A41AB600567D22 = {
						CreatedOnToolsVersion = 10.1;
					};
				};
			};
			buildConfigurationList = 32F62BB921A41A6D00567D22 /* Build configuration list for PBXProject "LinearProbeHashMap" */;
			compatibilityVersion = "Xcode 9.3";
			developmentRegion = en;
			hasScannedForEncodings = 0;
			knownRegions = (
				en,
			);
			mainGroup = 32F62BB521A41A6D00567D22;
			productRefGroup = 32F62BBF21A41A6D00567D22 /* Products */;
			projectDirPath = "";
			projectRoot = "";
			targets = (
				32F62BBD21A41A6D00567D22 /* LinearProbeHashMap */,
				32F62BC921A41A8200567D22 /* test */,
				32F62BD521A41AB600567D22 /* Test */,
			);
		};
/* End PBXProject section */

/* Begin PBXResourcesBuildPhase section */
		32F62BC821A41A8200567D22 /* Resources */ = {
			isa = PBXResourcesBuildPhase;
			buildActionMask = 2147483647;
			files = (
			);
			runOnlyForDeploymentPostprocessing = 0;
		};
/* End PBXResourcesBuildPhase section */

/* Begin PBXSourcesBuildPhase section */
		32F62BBB21A41A6D00567D22 /* Sources */ = {
			isa = PBXSourcesBuildPhase;
			buildActionMask = 2147483647;
			files = (
				32F62BE221A41AD900567D22 /* hash_map.c in Sources */,
			);
			runOnlyForDeploymentPostprocessing = 0;
		};
		32F62BC621A41A8200567D22 /* Sources */ = {
			isa = PBXSourcesBuildPhase;
			buildActionMask = 2147483647;
			files = (
			);
			runOnlyForDeploymentPostprocessing = 0;
		};
		32F62BD221A41AB600567D22 /* Sources */ = {
			isa = PBXSourcesBuildPhase;
			buildActionMask = 2147483647;
			files = (
				32F62BD921A41AB600567D22 /* main.c in Sources */,
			);
			runOnlyForDeploymentPostprocessing = 0;
		};
/* End PBXSourcesBuildPhase section */

/* Begin XCBuildConfiguration section */
		32F62BC021A41A6D00567D22 /* Debug */ = {
			isa = XCBuildConfiguration;
			buildSettings = {
				ALWAYS_SEARCH_USER_PATHS = NO;
				CLANG_ANALYZER_NONNULL = YES;
				CLANG_ANALYZER_NUMBER_OBJECT_CONVERSION = YES_AGGRESSIVE;
				CLANG_CXX_LANGUAGE_STANDARD = "gnu++14";
				CLANG_CXX_LIBRARY = "libc++";
				CLANG_ENABLE_MODULES = YES;
				CLANG_ENABLE_OBJC_ARC = YES;
				CLANG_ENABLE_OBJC_WEAK = YES;
				CLANG_WARN_BLOCK_CAPTURE_AUTORELEASING = YES;
				CLANG_WARN_BOOL_CONVERSION = YES;
				CLANG_WARN_COMMA = YES;
				CLANG_WARN_CONSTANT_CONVERSION = YES;
				CLANG_WARN_DEPRECATED_OBJC_IMPLEMENTATIONS = YES;
				CLANG_WARN_DIRECT_OBJC_ISA_USAGE = YES_ERROR;
				CLANG_WARN_DOCUMENTATION_COMMENTS = YES;
				CLANG_WARN_EMPTY_BODY = YES;
				CLANG_WARN_ENUM_CONVERSION = YES;
				CLANG_WARN_INFINITE_RECURSION = YES;
				CLANG_WARN_INT_CONVERSION = YES;
				CLANG_WARN_NON_LITERAL_NULL_CONVERSION = YES;
				CLANG_WARN_OBJC_IMPLICIT_RETAIN_SELF = YES;
				CLANG_WARN_OBJC_LITERAL_CONVERSION = YES;
				CLANG_WARN_OBJC_ROOT_CLASS = YES_ERROR;
				CLANG_WARN_RANGE_LOOP_ANALYSIS = YES;
				CLANG_WARN_STRICT_PROTOTYPES = YES;
				CLANG_WARN_SUSPICIOUS_MOVE = YES;
				CLANG_WARN_UNGUARDED_AVAILABILITY = YES_AGGRESSIVE;
				CLANG_WARN_UNREACHABLE_CODE = YES;
				CLANG_WARN__DUPLICATE_METHOD_MATCH = YES;
				CODE_SIGN_IDENTITY = "-";
				COPY_PHASE_STRIP = NO;
				DEBUG_INFORMATION_FORMAT = dwarf;
				ENABLE_STRICT_OBJC_MSGSEND = YES;
				ENABLE_TESTABILITY = YES;
				GCC_C_LANGUAGE_STANDARD = gnu11;
				GCC_DYNAMIC_NO_PIC = NO;
				GCC_NO_COMMON_BLOCKS = YES;
				GCC_OPTIMIZATION_LEVEL = 0;
				GCC_PREPROCESSOR_DEFINITIONS = (
					"DEBUG=1",
					"$(inherited)",
				);
				GCC_WARN_64_TO_32_BIT_CONVERSION = YES;
				GCC_WARN_ABOUT_RETURN_TYPE = YES_ERROR;
				GCC_WARN_UNDECLARED_SELECTOR = YES;
				GCC_WARN_UNINITIALIZED_AUTOS = YES_AGGRESSIVE;
				GCC_WARN_UNUSED_FUNCTION = YES;
				GCC_WARN_UNUSED_VARIABLE = YES;
				MACOSX_DEPLOYMENT_TARGET = 10.14;
				MTL_ENABLE_DEBUG_INFO = INCLUDE_SOURCE;
				MTL_FAST_MATH = YES;
				ONLY_ACTIVE_ARCH = YES;
				SDKROOT = macosx;
			};
			name = Debug;
		};
		32F62BC121A41A6D00567D22 /* Release */ = {
			isa = XCBuildConfiguration;
			buildSettings = {
				ALWAYS_SEARCH_USER_PATHS = NO;
				CLANG_ANALYZER_NONNULL = YES;
				CLANG_ANALYZER_NUMBER_OBJECT_CONVERSION = YES_AGGRESSIVE;
				CLANG_CXX_LANGUAGE_STANDARD = "gnu++14";
				CLANG_CXX_LIBRARY = "libc++";
				CLANG_ENABLE_MODULES = YES;
				CLANG_ENABLE_OBJC_ARC = YES;
				CLANG_ENABLE_OBJC_WEAK = YES;
				CLANG_WARN_BLOCK_CAPTURE_AUTORELEASING = YES;
				CLANG_WARN_BOOL_CONVERSION = YES;
				CLANG_WARN_COMMA = YES;
				CLANG_WARN_CONSTANT_CONVERSION = YES;
				CLANG_WARN_DEPRECATED_OBJC_IMPLEMENTATIONS = YES;
				CLANG_WARN_DIRECT_OBJC_ISA_USAGE = YES_ERROR;
				CLANG_WARN_DOCUMENTATION_COMMENTS = YES;
				CLANG_WARN_EMPTY_BODY = YES;
				CLANG_WARN_ENUM_CONVERSION = YES;
				CLANG_WARN_INFINITE_RECURSION = YES;
				CLANG_WARN_INT_CONVERSION = YES;
				CLANG_WARN_NON_LITERAL_NULL_CONVERSION = YES;
				CLANG_WARN_OBJC_IMPLICIT_RETAIN_SELF = YES;
				CLANG_WARN_OBJC_LITERAL_CONVERSION = YES;
				CLANG_WARN_OBJC_ROOT_CLASS = YES_ERROR;
				CLANG_WARN_RANGE_LOOP_ANALYSIS = YES;
				CLANG_WARN_STRICT_PROTOTYPES = YES;
				CLANG_WARN_SUSPICIOUS_MOVE = YES;
				CLANG_WARN_UNGUARDED_AVAILABILITY = YES_AGGRESSIVE;
				CLANG_WARN_UNREACHABLE_CODE = YES;
				CLANG_WARN__DUPLICATE_METHOD_MATCH = YES;
				CODE_SIGN_IDENTITY = "-";
				COPY_PHASE_STRIP = NO;
				DEBUG_INFORMATION_FORMAT = "dwarf-with-dsym";
				ENABLE_NS_ASSERTIONS = NO;
				ENABLE_STRICT_OBJC_MSGSEND = YES;
				GCC_C_LANGUAGE_STANDARD = gnu11;
				GCC_NO_COMMON_BLOCKS = YES;
				GCC_WARN_64_TO_32_BIT_CONVERSION = YES;
				GCC_WARN_ABOUT_RETURN_TYPE = YES_ERROR;
				GCC_WARN_UNDECLARED_SELECTOR = YES;
				GCC_WARN_UNINITIALIZED_AUTOS = YES_AGGRESSIVE;
				GCC_WARN_UNUSED_FUNCTION = YES;
				GCC_WARN_UNUSED_VARIABLE = YES;
				MACOSX_DEPLOYMENT_TARGET = 10.14;
				MTL_ENABLE_DEBUG_INFO = NO;
				MTL_FAST_MATH = YES;
				SDKROOT = macosx;
			};
			name = Release;
		};
		32F62BC321A41A6D00567D22 /* Debug */ = {
			isa = XCBuildConfiguration;
			buildSettings = {
				CODE_SIGN_STYLE = Automatic;
				EXECUTABLE_PREFIX = lib;
				PRODUCT_NAME = "$(TARGET_NAME)";
				SKIP_INSTALL = YES;
			};
			name = Debug;
		};
		32F62BC421A41A6D00567D22 /* Release */ = {
			isa = XCBuildConfiguration;
			buildSettings = {
				CODE_SIGN_STYLE = Automatic;
				EXECUTABLE_PREFIX = lib;
				PRODUCT_NAME = "$(TARGET_NAME)";
				SKIP_INSTALL = YES;
			};
			name = Release;
		};
		32F62BD021A41A8200567D22 /* Debug */ = {
			isa = XCBuildConfiguration;
			buildSettings = {
				CODE_SIGN_STYLE = Automatic;
				COMBINE_HIDPI_IMAGES = YES;
				INFOPLIST_FILE = test/Info.plist;
				LD_RUNPATH_SEARCH_PATHS = (
					"$(inherited)",
					"@executable_path/../Frameworks",
					"@loader_path/../Frameworks",
				);
				PRODUCT_BUNDLE_IDENTIFIER = mailund.test;
				PRODUCT_NAME = "$(TARGET_NAME)";
				SWIFT_ACTIVE_COMPILATION_CONDITIONS = DEBUG;
				SWIFT_OPTIMIZATION_LEVEL = "-Onone";
				SWIFT_VERSION = 4.2;
			};
			name = Debug;
		};
		32F62BD121A41A8200567D22 /* Release */ = {
			isa = XCBuildConfiguration;
			buildSettings = {
				CODE_SIGN_STYLE = Automatic;
				COMBINE_HIDPI_IMAGES = YES;
				INFOPLIST_FILE = test/Info.plist;
				LD_RUNPATH_SEARCH_PATHS = (
					"$(inherited)",
					"@executable_path/../Frameworks",
					"@loader_path/../Frameworks",
				);
				PRODUCT_BUNDLE_IDENTIFIER = mailund.test;
				PRODUCT_NAME = "$(TARGET_NAME)";
				SWIFT_COMPILATION_MODE = wholemodule;
				SWIFT_OPTIMIZATION_LEVEL = "-O";
				SWIFT_VERSION = 4.2;
			};
			name = Release;
		};
		32F62BDB21A41AB600567D22 /* Debug */ = {
			isa = XCBuildConfiguration;
			buildSettings = {
				CODE_SIGN_STYLE = Automatic;
				PRODUCT_NAME = "$(TARGET_NAME)";
			};
			name = Debug;
		};
		32F62BDC21A41AB600567D22 /* Release */ = {
			isa = XCBuildConfiguration;
			buildSettings = {
				CODE_SIGN_STYLE = Automatic;
				PRODUCT_NAME = "$(TARGET_NAME)";
			};
			name = Release;
		};
/* End XCBuildConfiguration section */

/* Begin XCConfigurationList section */
		32F62BB921A41A6D00567D22 /* Build configuration list for PBXProject "LinearProbeHashMap" */ = {
			isa = XCConfigurationList;
			buildConfigurations = (
				32F62BC021A41A6D00567D22 /* Debug */,
				32F62BC121A41A6D00567D22 /* Release */,
			);
			defaultConfigurationIsVisible = 0;
			defaultConfigurationName = Release;
		};
		32F62BC221A41A6D00567D22 /* Build configuration list for PBXNativeTarget "LinearProbeHashMap" */ = {
			isa = XCConfigurationList;
			buildConfigurations = (
				32F62BC321A41A6D00567D22 /* Debug */,
				32F62BC421A41A6D00567D22 /* Release */,
			);
			defaultConfigurationIsVisible = 0;
			defaultConfigurationName = Release;
		};
		32F62BCF21A41A8200567D22 /* Build configuration list for PBXNativeTarget "test" */ = {
			isa = XCConfigurationList;
			buildConfigurations = (
				32F62BD021A41A8200567D22 /* Debug */,
				32F62BD121A41A8200567D22 /* Release */,
			);
			defaultConfigurationIsVisible = 0;
			defaultConfigurationName = Release;
		};
		32F62BDA21A41AB600567D22 /* Build configuration list for PBXNativeTarget "Test" */ = {
			isa = XCConfigurationList;
			buildConfigurations = (
				32F62BDB21A41AB600567D22 /* Debug */,
				32F62BDC21A41AB600567D22 /* Release */,
			);
			defaultConfigurationIsVisible = 0;
			defaultConfigurationName = Release;
		};
/* End XCConfigurationList section */
	};
	rootObject = 32F62BB621A41A6D00567D22 /* Project object */;
}
